
Microsoft Visual Studio Solution File, Format Version 12.00
# Visual Studio 15
Project("{2150E333-8FDC-42A3-9474-1A3956D46DE8}") = "CMake", "CMake", "{BC0842CB-6978-3E7D-94A4-32E5A7115B60}"
EndProject
Project("{2150E333-8FDC-42A3-9474-1A3956D46DE8}") = "GLFW3", "GLFW3", "{31B658B0-55F2-3607-A4EF-9F48B57F83C5}"
EndProject
Project("{2150E333-8FDC-42A3-9474-1A3956D46DE8}") = "SFML", "SFML", "{6A2BA03A-666D-3848-8FB6-05D4BC1053AC}"
EndProject
Project("{8BC9CEB8-8B4A-11D0-8D11-00A0C91BC942}") = "glowbox", "glowbox.vcxproj", "{BE663BF6-CEF5-3044-8CA6-A24FEBA30F67}"
	ProjectSection(ProjectDependencies) = postProject
		{1A3055B8-074A-389A-B93E-FAF08758A800} = {1A3055B8-074A-389A-B93E-FAF08758A800}
		{1E3F532C-E1A1-31EF-996B-B90585199F52} = {1E3F532C-E1A1-31EF-996B-B90585199F52}
		{12B1F50D-901F-3433-BC93-6260A3A05952} = {12B1F50D-901F-3433-BC93-6260A3A05952}
		{F3B25DFB-49B1-3833-9B88-06767AE1F44A} = {F3B25DFB-49B1-3833-9B88-06767AE1F44A}
	EndProjectSection
EndProject
Project("{8BC9CEB8-8B4A-11D0-8D11-00A0C91BC942}") = "ALL_BUILD", "ALL_BUILD.vcxproj", "{D62F529D-DD23-365E-9D5F-0FFC56D6A6A7}"
	ProjectSection(ProjectDependencies) = postProject
		{1A3055B8-074A-389A-B93E-FAF08758A800} = {1A3055B8-074A-389A-B93E-FAF08758A800}
		{1E3F532C-E1A1-31EF-996B-B90585199F52} = {1E3F532C-E1A1-31EF-996B-B90585199F52}
		{BE663BF6-CEF5-3044-8CA6-A24FEBA30F67} = {BE663BF6-CEF5-3044-8CA6-A24FEBA30F67}
		{12B1F50D-901F-3433-BC93-6260A3A05952} = {12B1F50D-901F-3433-BC93-6260A3A05952}
		{E57FA703-9C24-3255-AE72-E13AAE7C3935} = {E57FA703-9C24-3255-AE72-E13AAE7C3935}
		{F3B25DFB-49B1-3833-9B88-06767AE1F44A} = {F3B25DFB-49B1-3833-9B88-06767AE1F44A}
	EndProjectSection
EndProject
Project("{8BC9CEB8-8B4A-11D0-8D11-00A0C91BC942}") = "INSTALL", "INSTALL.vcxproj", "{23055848-399F-35B4-9FA8-191426B22D34}"
	ProjectSection(ProjectDependencies) = postProject
		{D62F529D-DD23-365E-9D5F-0FFC56D6A6A7} = {D62F529D-DD23-365E-9D5F-0FFC56D6A6A7}
	EndProjectSection
EndProject
Project("{8BC9CEB8-8B4A-11D0-8D11-00A0C91BC942}") = "fmt", "lib\fmt\fmt.vcxproj", "{1A3055B8-074A-389A-B93E-FAF08758A800}"
	ProjectSection(ProjectDependencies) = postProject
	EndProjectSection
EndProject
Project("{8BC9CEB8-8B4A-11D0-8D11-00A0C91BC942}") = "glfw", "lib\glfw\src\glfw.vcxproj", "{1E3F532C-E1A1-31EF-996B-B90585199F52}"
	ProjectSection(ProjectDependencies) = postProject
	EndProjectSection
EndProject
Project("{8BC9CEB8-8B4A-11D0-8D11-00A0C91BC942}") = "sfml-audio", "lib\SFML\src\SFML\Audio\sfml-audio.vcxproj", "{12B1F50D-901F-3433-BC93-6260A3A05952}"
	ProjectSection(ProjectDependencies) = postProject
		{F3B25DFB-49B1-3833-9B88-06767AE1F44A} = {F3B25DFB-49B1-3833-9B88-06767AE1F44A}
	EndProjectSection
EndProject
Project("{8BC9CEB8-8B4A-11D0-8D11-00A0C91BC942}") = "sfml-main", "lib\SFML\src\SFML\Main\sfml-main.vcxproj", "{E57FA703-9C24-3255-AE72-E13AAE7C3935}"
	ProjectSection(ProjectDependencies) = postProject
	EndProjectSection
EndProject
Project("{8BC9CEB8-8B4A-11D0-8D11-00A0C91BC942}") = "sfml-system", "lib\SFML\src\SFML\System\sfml-system.vcxproj", "{F3B25DFB-49B1-3833-9B88-06767AE1F44A}"
	ProjectSection(ProjectDependencies) = postProject
	EndProjectSection
EndProject
Global
	GlobalSection(SolutionConfigurationPlatforms) = preSolution
		Debug|Win32 = Debug|Win32
		Release|Win32 = Release|Win32
		MinSizeRel|Win32 = MinSizeRel|Win32
		RelWithDebInfo|Win32 = RelWithDebInfo|Win32
	EndGlobalSection
	GlobalSection(ProjectConfigurationPlatforms) = postSolution
		{BE663BF6-CEF5-3044-8CA6-A24FEBA30F67}.Debug|Win32.ActiveCfg = Debug|Win32
		{BE663BF6-CEF5-3044-8CA6-A24FEBA30F67}.Debug|Win32.Build.0 = Debug|Win32
		{BE663BF6-CEF5-3044-8CA6-A24FEBA30F67}.Release|Win32.ActiveCfg = Release|Win32
		{BE663BF6-CEF5-3044-8CA6-A24FEBA30F67}.Release|Win32.Build.0 = Release|Win32
		{BE663BF6-CEF5-3044-8CA6-A24FEBA30F67}.MinSizeRel|Win32.ActiveCfg = MinSizeRel|Win32
		{BE663BF6-CEF5-3044-8CA6-A24FEBA30F67}.MinSizeRel|Win32.Build.0 = MinSizeRel|Win32
		{BE663BF6-CEF5-3044-8CA6-A24FEBA30F67}.RelWithDebInfo|Win32.ActiveCfg = RelWithDebInfo|Win32
		{BE663BF6-CEF5-3044-8CA6-A24FEBA30F67}.RelWithDebInfo|Win32.Build.0 = RelWithDebInfo|Win32
		{D62F529D-DD23-365E-9D5F-0FFC56D6A6A7}.Debug|Win32.ActiveCfg = Debug|Win32
		{D62F529D-DD23-365E-9D5F-0FFC56D6A6A7}.Debug|Win32.Build.0 = Debug|Win32
		{D62F529D-DD23-365E-9D5F-0FFC56D6A6A7}.Release|Win32.ActiveCfg = Release|Win32
		{D62F529D-DD23-365E-9D5F-0FFC56D6A6A7}.Release|Win32.Build.0 = Release|Win32
		{D62F529D-DD23-365E-9D5F-0FFC56D6A6A7}.MinSizeRel|Win32.ActiveCfg = MinSizeRel|Win32
		{D62F529D-DD23-365E-9D5F-0FFC56D6A6A7}.MinSizeRel|Win32.Build.0 = MinSizeRel|Win32
		{D62F529D-DD23-365E-9D5F-0FFC56D6A6A7}.RelWithDebInfo|Win32.ActiveCfg = RelWithDebInfo|Win32
		{D62F529D-DD23-365E-9D5F-0FFC56D6A6A7}.RelWithDebInfo|Win32.Build.0 = RelWithDebInfo|Win32
		{23055848-399F-35B4-9FA8-191426B22D34}.Debug|Win32.ActiveCfg = Debug|Win32
		{23055848-399F-35B4-9FA8-191426B22D34}.Release|Win32.ActiveCfg = Release|Win32
		{23055848-399F-35B4-9FA8-191426B22D34}.MinSizeRel|Win32.ActiveCfg = MinSizeRel|Win32
		{23055848-399F-35B4-9FA8-191426B22D34}.RelWithDebInfo|Win32.ActiveCfg = RelWithDebInfo|Win32
		{1A3055B8-074A-389A-B93E-FAF08758A800}.Debug|Win32.ActiveCfg = Debug|Win32
		{1A3055B8-074A-389A-B93E-FAF08758A800}.Debug|Win32.Build.0 = Debug|Win32
		{1A3055B8-074A-389A-B93E-FAF08758A800}.Release|Win32.ActiveCfg = Release|Win32
		{1A3055B8-074A-389A-B93E-FAF08758A800}.Release|Win32.Build.0 = Release|Win32
		{1A3055B8-074A-389A-B93E-FAF08758A800}.MinSizeRel|Win32.ActiveCfg = MinSizeRel|Win32
		{1A3055B8-074A-389A-B93E-FAF08758A800}.MinSizeRel|Win32.Build.0 = MinSizeRel|Win32
		{1A3055B8-074A-389A-B93E-FAF08758A800}.RelWithDebInfo|Win32.ActiveCfg = RelWithDebInfo|Win32
		{1A3055B8-074A-389A-B93E-FAF08758A800}.RelWithDebInfo|Win32.Build.0 = RelWithDebInfo|Win32
		{1E3F532C-E1A1-31EF-996B-B90585199F52}.Debug|Win32.ActiveCfg = Debug|Win32
		{1E3F532C-E1A1-31EF-996B-B90585199F52}.Debug|Win32.Build.0 = Debug|Win32
		{1E3F532C-E1A1-31EF-996B-B90585199F52}.Release|Win32.ActiveCfg = Release|Win32
		{1E3F532C-E1A1-31EF-996B-B90585199F52}.Release|Win32.Build.0 = Release|Win32
		{1E3F532C-E1A1-31EF-996B-B90585199F52}.MinSizeRel|Win32.ActiveCfg = MinSizeRel|Win32
		{1E3F532C-E1A1-31EF-996B-B90585199F52}.MinSizeRel|Win32.Build.0 = MinSizeRel|Win32
		{1E3F532C-E1A1-31EF-996B-B90585199F52}.RelWithDebInfo|Win32.ActiveCfg = RelWithDebInfo|Win32
		{1E3F532C-E1A1-31EF-996B-B90585199F52}.RelWithDebInfo|Win32.Build.0 = RelWithDebInfo|Win32
		{12B1F50D-901F-3433-BC93-6260A3A05952}.Debug|Win32.ActiveCfg = Debug|Win32
		{12B1F50D-901F-3433-BC93-6260A3A05952}.Debug|Win32.Build.0 = Debug|Win32
		{12B1F50D-901F-3433-BC93-6260A3A05952}.Release|Win32.ActiveCfg = Release|Win32
		{12B1F50D-901F-3433-BC93-6260A3A05952}.Release|Win32.Build.0 = Release|Win32
		{12B1F50D-901F-3433-BC93-6260A3A05952}.MinSizeRel|Win32.ActiveCfg = MinSizeRel|Win32
		{12B1F50D-901F-3433-BC93-6260A3A05952}.MinSizeRel|Win32.Build.0 = MinSizeRel|Win32
		{12B1F50D-901F-3433-BC93-6260A3A05952}.RelWithDebInfo|Win32.ActiveCfg = RelWithDebInfo|Win32
		{12B1F50D-901F-3433-BC93-6260A3A05952}.RelWithDebInfo|Win32.Build.0 = RelWithDebInfo|Win32
		{E57FA703-9C24-3255-AE72-E13AAE7C3935}.Debug|Win32.ActiveCfg = Debug|Win32
		{E57FA703-9C24-3255-AE72-E13AAE7C3935}.Debug|Win32.Build.0 = Debug|Win32
		{E57FA703-9C24-3255-AE72-E13AAE7C3935}.Release|Win32.ActiveCfg = Release|Win32
		{E57FA703-9C24-3255-AE72-E13AAE7C3935}.Release|Win32.Build.0 = Release|Win32
		{E57FA703-9C24-3255-AE72-E13AAE7C3935}.MinSizeRel|Win32.ActiveCfg = MinSizeRel|Win32
		{E57FA703-9C24-3255-AE72-E13AAE7C3935}.MinSizeRel|Win32.Build.0 = MinSizeRel|Win32
		{E57FA703-9C24-3255-AE72-E13AAE7C3935}.RelWithDebInfo|Win32.ActiveCfg = RelWithDebInfo|Win32
		{E57FA703-9C24-3255-AE72-E13AAE7C3935}.RelWithDebInfo|Win32.Build.0 = RelWithDebInfo|Win32
		{F3B25DFB-49B1-3833-9B88-06767AE1F44A}.Debug|Win32.ActiveCfg = Debug|Win32
		{F3B25DFB-49B1-3833-9B88-06767AE1F44A}.Debug|Win32.Build.0 = Debug|Win32
		{F3B25DFB-49B1-3833-9B88-06767AE1F44A}.Release|Win32.ActiveCfg = Release|Win32
		{F3B25DFB-49B1-3833-9B88-06767AE1F44A}.Release|Win32.Build.0 = Release|Win32
		{F3B25DFB-49B1-3833-9B88-06767AE1F44A}.MinSizeRel|Win32.ActiveCfg = MinSizeRel|Win32
		{F3B25DFB-49B1-3833-9B88-06767AE1F44A}.MinSizeRel|Win32.Build.0 = MinSizeRel|Win32
		{F3B25DFB-49B1-3833-9B88-06767AE1F44A}.RelWithDebInfo|Win32.ActiveCfg = RelWithDebInfo|Win32
		{F3B25DFB-49B1-3833-9B88-06767AE1F44A}.RelWithDebInfo|Win32.Build.0 = RelWithDebInfo|Win32
	EndGlobalSection
	GlobalSection(NestedProjects) = preSolution
		{D62F529D-DD23-365E-9D5F-0FFC56D6A6A7} = {BC0842CB-6978-3E7D-94A4-32E5A7115B60}
		{23055848-399F-35B4-9FA8-191426B22D34} = {BC0842CB-6978-3E7D-94A4-32E5A7115B60}
		{1E3F532C-E1A1-31EF-996B-B90585199F52} = {31B658B0-55F2-3607-A4EF-9F48B57F83C5}
		{12B1F50D-901F-3433-BC93-6260A3A05952} = {6A2BA03A-666D-3848-8FB6-05D4BC1053AC}
		{E57FA703-9C24-3255-AE72-E13AAE7C3935} = {6A2BA03A-666D-3848-8FB6-05D4BC1053AC}
		{F3B25DFB-49B1-3833-9B88-06767AE1F44A} = {6A2BA03A-666D-3848-8FB6-05D4BC1053AC}
	EndGlobalSection
	GlobalSection(ExtensibilityGlobals) = postSolution
		SolutionGuid = {0F27DEDC-3463-333F-989C-05BEAB23122A}
	EndGlobalSection
	GlobalSection(ExtensibilityAddIns) = postSolution
	EndGlobalSection
EndGlobal
